
Microsoft Visual Studio Solution File, Format Version 12.00
# Visual Studio Version 17
VisualStudioVersion = 17.5.002.0
MinimumVisualStudioVersion = 10.0.40219.1
Project("{9A19103F-16F7-4668-BE54-9A1E7A4F7556}") = "AspDotNetCore31", "AspDotNetCore31.csproj", "{CA90E866-1900-44B2-BF2F-0431102DD052}"
EndProject
Global
	GlobalSection(SolutionConfigurationPlatforms) = preSolution
		Debug|Any CPU = Debug|Any CPU
		Release|Any CPU = Release|Any CPU
	EndGlobalSection
	GlobalSection(ProjectConfigurationPlatforms) = postSolution
		{CA90E866-1900-44B2-BF2F-0431102DD052}.Debug|Any CPU.ActiveCfg = Debug|Any CPU
		{CA90E866-1900-44B2-BF2F-0431102DD052}.Debug|Any CPU.Build.0 = Debug|Any CPU
		{CA90E866-1900-44B2-BF2F-0431102DD052}.Release|Any CPU.ActiveCfg = Release|Any CPU
		{CA90E866-1900-44B2-BF2F-0431102DD052}.Release|Any CPU.Build.0 = Release|Any CPU
	EndGlobalSection
	GlobalSection(SolutionProperties) = preSolution
		HideSolutionNode = FALSE
	EndGlobalSection
	GlobalSection(ExtensibilityGlobals) = postSolution
		SolutionGuid = {5AE07E42-3462-45F0-AAD4-389F27CEEE5F}
	EndGlobalSection
EndGlobal
